# This file is generated by running "yarn install" inside your project.
# Manual changes might be lost - proceed with caution!

__metadata:
  version: 5

"@adaliszk/infrastructure@workspace:.":
  version: 0.0.0-use.local
  resolution: "@adaliszk/infrastructure@workspace:."
  languageName: unknown
  linkType: soft
