# This file is generated by running "yarn install" inside your project.
# Manual changes might be lost - proceed with caution!

__metadata:
  version: 5
  cacheKey: 8

"@adaliszk/infrastructure@workspace:.":
  version: 0.0.0-use.local
  resolution: "@adaliszk/infrastructure@workspace:."
  peerDependencies:
    semantic-release: ~18
  languageName: unknown
  linkType: soft

"@adaliszk/opsx@workspace:tools/opsx, @adaliszk/opsx@~0.1":
  version: 0.0.0-use.local
  resolution: "@adaliszk/opsx@workspace:tools/opsx"
  dependencies:
    dotenv: ~10.0
    process: "*"
  bin:
    opsx: lib/opsx.cjs
  languageName: unknown
  linkType: soft

"@adaliszk/premise-manager-env@workspace:environments/premise-manager":
  version: 0.0.0-use.local
  resolution: "@adaliszk/premise-manager-env@workspace:environments/premise-manager"
  dependencies:
    "@adaliszk/opsx": ~0.1
  languageName: unknown
  linkType: soft

"@adaliszk/typhoon-kubernetes-env@workspace:environments/typhoon-kubernetes":
  version: 0.0.0-use.local
  resolution: "@adaliszk/typhoon-kubernetes-env@workspace:environments/typhoon-kubernetes"
  dependencies:
    "@adaliszk/opsx": ~0.1
  languageName: unknown
  linkType: soft

"dotenv@npm:~10.0":
  version: 10.0.0
  resolution: "dotenv@npm:10.0.0"
  checksum: f412c5fe8c24fbe313d302d2500e247ba8a1946492db405a4de4d30dd0eb186a88a43f13c958c5a7de303938949c4231c56994f97d05c4bc1f22478d631b4005
  languageName: node
  linkType: hard

"process@npm:*":
  version: 0.11.10
  resolution: "process@npm:0.11.10"
  checksum: bfcce49814f7d172a6e6a14d5fa3ac92cc3d0c3b9feb1279774708a719e19acd673995226351a082a9ae99978254e320ccda4240ddc474ba31a76c79491ca7c3
  languageName: node
  linkType: hard
